
Microsoft Visual Studio Solution File, Format Version 12.00
# Visual Studio Version 17
VisualStudioVersion = 17.6.33829.357
MinimumVisualStudioVersion = 10.0.40219.1
Project("{FAE04EC0-301F-11D3-BF4B-00C04F79EFBC}") = "05 - ClassesExercicio", "05 - ClassesExercicio\05 - ClassesExercicio.csproj", "{2C274B73-CF01-410F-8463-9856E91B6244}"
EndProject
Global
	GlobalSection(SolutionConfigurationPlatforms) = preSolution
		Debug|Any CPU = Debug|Any CPU
		Release|Any CPU = Release|Any CPU
	EndGlobalSection
	GlobalSection(ProjectConfigurationPlatforms) = postSolution
		{2C274B73-CF01-410F-8463-9856E91B6244}.Debug|Any CPU.ActiveCfg = Debug|Any CPU
		{2C274B73-CF01-410F-8463-9856E91B6244}.Debug|Any CPU.Build.0 = Debug|Any CPU
		{2C274B73-CF01-410F-8463-9856E91B6244}.Release|Any CPU.ActiveCfg = Release|Any CPU
		{2C274B73-CF01-410F-8463-9856E91B6244}.Release|Any CPU.Build.0 = Release|Any CPU
	EndGlobalSection
	GlobalSection(SolutionProperties) = preSolution
		HideSolutionNode = FALSE
	EndGlobalSection
	GlobalSection(ExtensibilityGlobals) = postSolution
		SolutionGuid = {211B0610-A066-46B1-B893-EB1480BB67F2}
	EndGlobalSection
EndGlobal
