
Microsoft Visual Studio Solution File, Format Version 12.00
# Visual Studio Version 17
VisualStudioVersion = 17.6.33829.357
MinimumVisualStudioVersion = 10.0.40219.1
Project("{FAE04EC0-301F-11D3-BF4B-00C04F79EFBC}") = "11 - Foreach", "11 - Foreach\11 - Foreach.csproj", "{2D757643-03A3-4B9E-A53E-764B371ABDF4}"
EndProject
Global
	GlobalSection(SolutionConfigurationPlatforms) = preSolution
		Debug|Any CPU = Debug|Any CPU
		Release|Any CPU = Release|Any CPU
	EndGlobalSection
	GlobalSection(ProjectConfigurationPlatforms) = postSolution
		{2D757643-03A3-4B9E-A53E-764B371ABDF4}.Debug|Any CPU.ActiveCfg = Debug|Any CPU
		{2D757643-03A3-4B9E-A53E-764B371ABDF4}.Debug|Any CPU.Build.0 = Debug|Any CPU
		{2D757643-03A3-4B9E-A53E-764B371ABDF4}.Release|Any CPU.ActiveCfg = Release|Any CPU
		{2D757643-03A3-4B9E-A53E-764B371ABDF4}.Release|Any CPU.Build.0 = Release|Any CPU
	EndGlobalSection
	GlobalSection(SolutionProperties) = preSolution
		HideSolutionNode = FALSE
	EndGlobalSection
	GlobalSection(ExtensibilityGlobals) = postSolution
		SolutionGuid = {219E9F22-D9B2-4055-9ACC-74963F4A234C}
	EndGlobalSection
EndGlobal
