
Microsoft Visual Studio Solution File, Format Version 12.00
# Visual Studio Version 17
VisualStudioVersion = 17.6.33829.357
MinimumVisualStudioVersion = 10.0.40219.1
Project("{FAE04EC0-301F-11D3-BF4B-00C04F79EFBC}") = "01 - SintaxeBasica", "01 - SintaxeBasica\01 - SintaxeBasica.csproj", "{235BD732-9ACF-4022-A5F7-CB92D787FA90}"
EndProject
Global
	GlobalSection(SolutionConfigurationPlatforms) = preSolution
		Debug|Any CPU = Debug|Any CPU
		Release|Any CPU = Release|Any CPU
	EndGlobalSection
	GlobalSection(ProjectConfigurationPlatforms) = postSolution
		{235BD732-9ACF-4022-A5F7-CB92D787FA90}.Debug|Any CPU.ActiveCfg = Debug|Any CPU
		{235BD732-9ACF-4022-A5F7-CB92D787FA90}.Debug|Any CPU.Build.0 = Debug|Any CPU
		{235BD732-9ACF-4022-A5F7-CB92D787FA90}.Release|Any CPU.ActiveCfg = Release|Any CPU
		{235BD732-9ACF-4022-A5F7-CB92D787FA90}.Release|Any CPU.Build.0 = Release|Any CPU
	EndGlobalSection
	GlobalSection(SolutionProperties) = preSolution
		HideSolutionNode = FALSE
	EndGlobalSection
	GlobalSection(ExtensibilityGlobals) = postSolution
		SolutionGuid = {8A728019-49A2-4B05-AC0D-0C4368DC892E}
	EndGlobalSection
EndGlobal
