
Microsoft Visual Studio Solution File, Format Version 12.00
# Visual Studio Version 17
VisualStudioVersion = 17.8.34330.188
MinimumVisualStudioVersion = 10.0.40219.1
Project("{FAE04EC0-301F-11D3-BF4B-00C04F79EFBC}") = "TratamentoDeExcecao", "TratamentoDeExcecao\TratamentoDeExcecao.csproj", "{2B97E4C7-CC3E-4981-8B33-5CBA39E5E0C1}"
EndProject
Global
	GlobalSection(SolutionConfigurationPlatforms) = preSolution
		Debug|Any CPU = Debug|Any CPU
		Release|Any CPU = Release|Any CPU
	EndGlobalSection
	GlobalSection(ProjectConfigurationPlatforms) = postSolution
		{2B97E4C7-CC3E-4981-8B33-5CBA39E5E0C1}.Debug|Any CPU.ActiveCfg = Debug|Any CPU
		{2B97E4C7-CC3E-4981-8B33-5CBA39E5E0C1}.Debug|Any CPU.Build.0 = Debug|Any CPU
		{2B97E4C7-CC3E-4981-8B33-5CBA39E5E0C1}.Release|Any CPU.ActiveCfg = Release|Any CPU
		{2B97E4C7-CC3E-4981-8B33-5CBA39E5E0C1}.Release|Any CPU.Build.0 = Release|Any CPU
	EndGlobalSection
	GlobalSection(SolutionProperties) = preSolution
		HideSolutionNode = FALSE
	EndGlobalSection
	GlobalSection(ExtensibilityGlobals) = postSolution
		SolutionGuid = {551BCAA4-511D-451E-A48D-BBB432CE2113}
	EndGlobalSection
EndGlobal
