
Microsoft Visual Studio Solution File, Format Version 12.00
# Visual Studio Version 17
VisualStudioVersion = 17.8.34330.188
MinimumVisualStudioVersion = 10.0.40219.1
Project("{FAE04EC0-301F-11D3-BF4B-00C04F79EFBC}") = "01_Generics", "01_Generics\01_Generics.csproj", "{A57774BE-D6C9-4C24-888E-71A68F001012}"
EndProject
Project("{FAE04EC0-301F-11D3-BF4B-00C04F79EFBC}") = "02_GenericsComRestricoes", "02_GenericsComRestricoes\02_GenericsComRestricoes.csproj", "{3ABCAC87-A0C2-4616-A6DD-0BEE8D83FC7A}"
EndProject
Global
	GlobalSection(SolutionConfigurationPlatforms) = preSolution
		Debug|Any CPU = Debug|Any CPU
		Release|Any CPU = Release|Any CPU
	EndGlobalSection
	GlobalSection(ProjectConfigurationPlatforms) = postSolution
		{A57774BE-D6C9-4C24-888E-71A68F001012}.Debug|Any CPU.ActiveCfg = Debug|Any CPU
		{A57774BE-D6C9-4C24-888E-71A68F001012}.Debug|Any CPU.Build.0 = Debug|Any CPU
		{A57774BE-D6C9-4C24-888E-71A68F001012}.Release|Any CPU.ActiveCfg = Release|Any CPU
		{A57774BE-D6C9-4C24-888E-71A68F001012}.Release|Any CPU.Build.0 = Release|Any CPU
		{3ABCAC87-A0C2-4616-A6DD-0BEE8D83FC7A}.Debug|Any CPU.ActiveCfg = Debug|Any CPU
		{3ABCAC87-A0C2-4616-A6DD-0BEE8D83FC7A}.Debug|Any CPU.Build.0 = Debug|Any CPU
		{3ABCAC87-A0C2-4616-A6DD-0BEE8D83FC7A}.Release|Any CPU.ActiveCfg = Release|Any CPU
		{3ABCAC87-A0C2-4616-A6DD-0BEE8D83FC7A}.Release|Any CPU.Build.0 = Release|Any CPU
	EndGlobalSection
	GlobalSection(SolutionProperties) = preSolution
		HideSolutionNode = FALSE
	EndGlobalSection
	GlobalSection(ExtensibilityGlobals) = postSolution
		SolutionGuid = {CF108EC3-CE61-4AFC-999F-D9E48AB7839D}
	EndGlobalSection
EndGlobal
