
Microsoft Visual Studio Solution File, Format Version 12.00
# Visual Studio Version 17
VisualStudioVersion = 17.8.34330.188
MinimumVisualStudioVersion = 10.0.40219.1
Project("{FAE04EC0-301F-11D3-BF4B-00C04F79EFBC}") = "ExercicioFixacao", "ExercicioFixacao\ExercicioFixacao.csproj", "{88AE40A7-8B79-45EA-BC80-25558FDFAAF3}"
EndProject
Global
	GlobalSection(SolutionConfigurationPlatforms) = preSolution
		Debug|Any CPU = Debug|Any CPU
		Release|Any CPU = Release|Any CPU
	EndGlobalSection
	GlobalSection(ProjectConfigurationPlatforms) = postSolution
		{88AE40A7-8B79-45EA-BC80-25558FDFAAF3}.Debug|Any CPU.ActiveCfg = Debug|Any CPU
		{88AE40A7-8B79-45EA-BC80-25558FDFAAF3}.Debug|Any CPU.Build.0 = Debug|Any CPU
		{88AE40A7-8B79-45EA-BC80-25558FDFAAF3}.Release|Any CPU.ActiveCfg = Release|Any CPU
		{88AE40A7-8B79-45EA-BC80-25558FDFAAF3}.Release|Any CPU.Build.0 = Release|Any CPU
	EndGlobalSection
	GlobalSection(SolutionProperties) = preSolution
		HideSolutionNode = FALSE
	EndGlobalSection
	GlobalSection(ExtensibilityGlobals) = postSolution
		SolutionGuid = {E3745098-3793-41BB-A2F2-AA74FD1BFAE7}
	EndGlobalSection
EndGlobal
