
Microsoft Visual Studio Solution File, Format Version 12.00
# Visual Studio Version 17
VisualStudioVersion = 17.6.33829.357
MinimumVisualStudioVersion = 10.0.40219.1
Project("{FAE04EC0-301F-11D3-BF4B-00C04F79EFBC}") = "05 - ClassesComplementos", "05 - ClassesComplementos\05 - ClassesComplementos.csproj", "{38FD8726-E537-4D72-91F2-6E26B8298EB5}"
EndProject
Global
	GlobalSection(SolutionConfigurationPlatforms) = preSolution
		Debug|Any CPU = Debug|Any CPU
		Release|Any CPU = Release|Any CPU
	EndGlobalSection
	GlobalSection(ProjectConfigurationPlatforms) = postSolution
		{38FD8726-E537-4D72-91F2-6E26B8298EB5}.Debug|Any CPU.ActiveCfg = Debug|Any CPU
		{38FD8726-E537-4D72-91F2-6E26B8298EB5}.Debug|Any CPU.Build.0 = Debug|Any CPU
		{38FD8726-E537-4D72-91F2-6E26B8298EB5}.Release|Any CPU.ActiveCfg = Release|Any CPU
		{38FD8726-E537-4D72-91F2-6E26B8298EB5}.Release|Any CPU.Build.0 = Release|Any CPU
	EndGlobalSection
	GlobalSection(SolutionProperties) = preSolution
		HideSolutionNode = FALSE
	EndGlobalSection
	GlobalSection(ExtensibilityGlobals) = postSolution
		SolutionGuid = {ECBB2EB1-1001-49DF-8242-C2C8D1FDFAF4}
	EndGlobalSection
EndGlobal
